// !$*UTF8*$!
{
	archiveVersion = 1;
	classes = {
	};
	objectVersion = 46;
	objects = {

/* Begin PBXBuildFile section */
		040BF9991B1D51B400713061 /* AppDelegate.swift in Sources */ = {isa = PBXBuildFile; fileRef = 040BF9981B1D51B400713061 /* AppDelegate.swift */; };
		040BF99C1B1D51B400713061 /* DAT.xcdatamodeld in Sources */ = {isa = PBXBuildFile; fileRef = 040BF99A1B1D51B400713061 /* DAT.xcdatamodeld */; };
		040BF9A11B1D51B400713061 /* Main.storyboard in Resources */ = {isa = PBXBuildFile; fileRef = 040BF99F1B1D51B400713061 /* Main.storyboard */; };
		040BF9A31B1D51B400713061 /* Images.xcassets in Resources */ = {isa = PBXBuildFile; fileRef = 040BF9A21B1D51B400713061 /* Images.xcassets */; };
		040BF9A61B1D51B400713061 /* LaunchScreen.xib in Resources */ = {isa = PBXBuildFile; fileRef = 040BF9A41B1D51B400713061 /* LaunchScreen.xib */; };
		040BF9B21B1D51B400713061 /* DATTests.swift in Sources */ = {isa = PBXBuildFile; fileRef = 040BF9B11B1D51B400713061 /* DATTests.swift */; };
		040BF9F71B1FEDA300713061 /* IGETCAreasView.swift in Sources */ = {isa = PBXBuildFile; fileRef = 040BF9F61B1FEDA300713061 /* IGETCAreasView.swift */; };
		040BF9FA1B1FF08300713061 /* AreaCustomCell.swift in Sources */ = {isa = PBXBuildFile; fileRef = 040BF9F81B1FF08300713061 /* AreaCustomCell.swift */; };
		0428AB911B22BDCB000CE23C /* SwiftCSV.framework in Frameworks */ = {isa = PBXBuildFile; fileRef = 0428AB901B22BDCB000CE23C /* SwiftCSV.framework */; };
		0428AB9A1B22CBCE000CE23C /* universityProfileView.swift in Sources */ = {isa = PBXBuildFile; fileRef = 0428AB991B22CBCE000CE23C /* universityProfileView.swift */; };
		043FA9771B28A55F00EA03EC /* ChancesViewTableViewController.swift in Sources */ = {isa = PBXBuildFile; fileRef = 043FA9761B28A55F00EA03EC /* ChancesViewTableViewController.swift */; };
		043FA9791B28B1CD00EA03EC /* ChancesViewController.swift in Sources */ = {isa = PBXBuildFile; fileRef = 043FA9781B28B1CD00EA03EC /* ChancesViewController.swift */; };
		043FA9AD1B29247900EA03EC /* Uni_List.swift in Sources */ = {isa = PBXBuildFile; fileRef = 043FA9AC1B29247900EA03EC /* Uni_List.swift */; };
		043FA9B01B29276600EA03EC /* Uni_cell.swift in Sources */ = {isa = PBXBuildFile; fileRef = 043FA9AE1B29276600EA03EC /* Uni_cell.swift */; };
		043FA9B31B29450900EA03EC /* classObject.swift in Sources */ = {isa = PBXBuildFile; fileRef = 043FA9B21B29450900EA03EC /* classObject.swift */; };
		045399EB1B266E6000F92B0B /* blackback.png in Resources */ = {isa = PBXBuildFile; fileRef = 045399EA1B266E6000F92B0B /* blackback.png */; };
		0A7C1CE91B2BE64600E85B00 /* ClassListViewTableViewController.swift in Sources */ = {isa = PBXBuildFile; fileRef = 0A7C1CE81B2BE64600E85B00 /* ClassListViewTableViewController.swift */; };
		0A7C1CED1B2BEA1300E85B00 /* ClassListTableViewCell.swift in Sources */ = {isa = PBXBuildFile; fileRef = 0A7C1CEC1B2BEA1300E85B00 /* ClassListTableViewCell.swift */; };
		3FA275FAC0BD5579089CADB4 /* Pods.framework in Frameworks */ = {isa = PBXBuildFile; fileRef = 5D333B7E9FC28408053A8CCC /* Pods.framework */; settings = {ATTRIBUTES = (Weak, ); }; };
		E73050FC1B1D640700EB7E37 /* grade_struct.swift in Sources */ = {isa = PBXBuildFile; fileRef = E73050FB1B1D640700EB7E37 /* grade_struct.swift */; };
		E73050FE1B1D64B200EB7E37 /* dept_struct.swift in Sources */ = {isa = PBXBuildFile; fileRef = E73050FD1B1D64B200EB7E37 /* dept_struct.swift */; };
		E74621011B22E74E00BE4808 /* classes.csv in Resources */ = {isa = PBXBuildFile; fileRef = E74621001B22E74E00BE4808 /* classes.csv */; };
		E74621031B22E91100BE4808 /* CSV.swift in Sources */ = {isa = PBXBuildFile; fileRef = E74621021B22E91100BE4808 /* CSV.swift */; };
		E74621071B22F15C00BE4808 /* classes_short.csv in Resources */ = {isa = PBXBuildFile; fileRef = E74621061B22F15C00BE4808 /* classes_short.csv */; };
		E74621091B22F25F00BE4808 /* ImportCSVController.swift in Sources */ = {isa = PBXBuildFile; fileRef = E74621081B22F25F00BE4808 /* ImportCSVController.swift */; };
		E78CC6EA1B292A7400F8881A /* UniObject.swift in Sources */ = {isa = PBXBuildFile; fileRef = E78CC6E91B292A7400F8881A /* UniObject.swift */; };
		E78CC6EE1B29429C00F8881A /* university.csv in Resources */ = {isa = PBXBuildFile; fileRef = E78CC6ED1B29429C00F8881A /* university.csv */; };
		E7E99D941B204F6C0050F8CB /* GPA_Calculator.swift in Sources */ = {isa = PBXBuildFile; fileRef = E7E99D931B204F6C0050F8CB /* GPA_Calculator.swift */; };
/* End PBXBuildFile section */

/* Begin PBXContainerItemProxy section */
		040BF9AC1B1D51B400713061 /* PBXContainerItemProxy */ = {
			isa = PBXContainerItemProxy;
			containerPortal = 040BF98B1B1D51B400713061 /* Project object */;
			proxyType = 1;
			remoteGlobalIDString = 040BF9921B1D51B400713061;
			remoteInfo = DAT;
		};
/* End PBXContainerItemProxy section */

/* Begin PBXFileReference section */
		040BF9931B1D51B400713061 /* DAT.app */ = {isa = PBXFileReference; explicitFileType = wrapper.application; includeInIndex = 0; path = DAT.app; sourceTree = BUILT_PRODUCTS_DIR; };
		040BF9971B1D51B400713061 /* Info.plist */ = {isa = PBXFileReference; lastKnownFileType = text.plist.xml; path = Info.plist; sourceTree = "<group>"; };
		040BF9981B1D51B400713061 /* AppDelegate.swift */ = {isa = PBXFileReference; lastKnownFileType = sourcecode.swift; path = AppDelegate.swift; sourceTree = "<group>"; };
		040BF99B1B1D51B400713061 /* DAT.xcdatamodel */ = {isa = PBXFileReference; lastKnownFileType = wrapper.xcdatamodel; path = DAT.xcdatamodel; sourceTree = "<group>"; };
		040BF9A01B1D51B400713061 /* Base */ = {isa = PBXFileReference; lastKnownFileType = file.storyboard; name = Base; path = Base.lproj/Main.storyboard; sourceTree = "<group>"; };
		040BF9A21B1D51B400713061 /* Images.xcassets */ = {isa = PBXFileReference; lastKnownFileType = folder.assetcatalog; path = Images.xcassets; sourceTree = "<group>"; };
		040BF9A51B1D51B400713061 /* Base */ = {isa = PBXFileReference; lastKnownFileType = file.xib; name = Base; path = Base.lproj/LaunchScreen.xib; sourceTree = "<group>"; };
		040BF9AB1B1D51B400713061 /* DATTests.xctest */ = {isa = PBXFileReference; explicitFileType = wrapper.cfbundle; includeInIndex = 0; path = DATTests.xctest; sourceTree = BUILT_PRODUCTS_DIR; };
		040BF9B01B1D51B400713061 /* Info.plist */ = {isa = PBXFileReference; lastKnownFileType = text.plist.xml; path = Info.plist; sourceTree = "<group>"; };
		040BF9B11B1D51B400713061 /* DATTests.swift */ = {isa = PBXFileReference; lastKnownFileType = sourcecode.swift; path = DATTests.swift; sourceTree = "<group>"; };
		040BF9F61B1FEDA300713061 /* IGETCAreasView.swift */ = {isa = PBXFileReference; fileEncoding = 4; lastKnownFileType = sourcecode.swift; path = IGETCAreasView.swift; sourceTree = "<group>"; };
		040BF9F81B1FF08300713061 /* AreaCustomCell.swift */ = {isa = PBXFileReference; fileEncoding = 4; lastKnownFileType = sourcecode.swift; path = AreaCustomCell.swift; sourceTree = "<group>"; };
		0428AB901B22BDCB000CE23C /* SwiftCSV.framework */ = {isa = PBXFileReference; lastKnownFileType = wrapper.framework; name = SwiftCSV.framework; path = "Pods/../build/Debug-iphoneos/Pods/SwiftCSV.framework"; sourceTree = "<group>"; };
		0428AB941B22BF47000CE23C /* DAT-Bridging-Header.h */ = {isa = PBXFileReference; lastKnownFileType = sourcecode.c.h; path = "DAT-Bridging-Header.h"; sourceTree = "<group>"; };
		0428AB991B22CBCE000CE23C /* universityProfileView.swift */ = {isa = PBXFileReference; fileEncoding = 4; lastKnownFileType = sourcecode.swift; path = universityProfileView.swift; sourceTree = "<group>"; };
		043FA9761B28A55F00EA03EC /* ChancesViewTableViewController.swift */ = {isa = PBXFileReference; fileEncoding = 4; lastKnownFileType = sourcecode.swift; path = ChancesViewTableViewController.swift; sourceTree = "<group>"; };
		043FA9781B28B1CD00EA03EC /* ChancesViewController.swift */ = {isa = PBXFileReference; fileEncoding = 4; lastKnownFileType = sourcecode.swift; path = ChancesViewController.swift; sourceTree = "<group>"; };
		043FA9AC1B29247900EA03EC /* Uni_List.swift */ = {isa = PBXFileReference; fileEncoding = 4; lastKnownFileType = sourcecode.swift; path = Uni_List.swift; sourceTree = "<group>"; };
		043FA9AE1B29276600EA03EC /* Uni_cell.swift */ = {isa = PBXFileReference; fileEncoding = 4; lastKnownFileType = sourcecode.swift; path = Uni_cell.swift; sourceTree = "<group>"; };
		043FA9B21B29450900EA03EC /* classObject.swift */ = {isa = PBXFileReference; fileEncoding = 4; lastKnownFileType = sourcecode.swift; path = classObject.swift; sourceTree = "<group>"; };
		045399EA1B266E6000F92B0B /* blackback.png */ = {isa = PBXFileReference; lastKnownFileType = image.png; path = blackback.png; sourceTree = "<group>"; };
		0A7C1CE81B2BE64600E85B00 /* ClassListViewTableViewController.swift */ = {isa = PBXFileReference; fileEncoding = 4; lastKnownFileType = sourcecode.swift; path = ClassListViewTableViewController.swift; sourceTree = "<group>"; };
		0A7C1CEC1B2BEA1300E85B00 /* ClassListTableViewCell.swift */ = {isa = PBXFileReference; fileEncoding = 4; lastKnownFileType = sourcecode.swift; path = ClassListTableViewCell.swift; sourceTree = "<group>"; };
		53A81178002695DB894A3014 /* Pods.debug.xcconfig */ = {isa = PBXFileReference; includeInIndex = 1; lastKnownFileType = text.xcconfig; name = Pods.debug.xcconfig; path = "Pods/Target Support Files/Pods/Pods.debug.xcconfig"; sourceTree = "<group>"; };
		5D333B7E9FC28408053A8CCC /* Pods.framework */ = {isa = PBXFileReference; explicitFileType = wrapper.framework; includeInIndex = 0; path = Pods.framework; sourceTree = BUILT_PRODUCTS_DIR; };
		B4728E1641DBBFAD941781FF /* Pods.release.xcconfig */ = {isa = PBXFileReference; includeInIndex = 1; lastKnownFileType = text.xcconfig; name = Pods.release.xcconfig; path = "Pods/Target Support Files/Pods/Pods.release.xcconfig"; sourceTree = "<group>"; };
		E73050FB1B1D640700EB7E37 /* grade_struct.swift */ = {isa = PBXFileReference; fileEncoding = 4; lastKnownFileType = sourcecode.swift; path = grade_struct.swift; sourceTree = "<group>"; };
		E73050FD1B1D64B200EB7E37 /* dept_struct.swift */ = {isa = PBXFileReference; fileEncoding = 4; lastKnownFileType = sourcecode.swift; path = dept_struct.swift; sourceTree = "<group>"; };
		E74621001B22E74E00BE4808 /* classes.csv */ = {isa = PBXFileReference; fileEncoding = 4; lastKnownFileType = text; path = classes.csv; sourceTree = "<group>"; };
		E74621021B22E91100BE4808 /* CSV.swift */ = {isa = PBXFileReference; fileEncoding = 4; lastKnownFileType = sourcecode.swift; name = CSV.swift; path = Pods/SwiftCSV/SwiftCSV/CSV.swift; sourceTree = "<group>"; };
		E74621061B22F15C00BE4808 /* classes_short.csv */ = {isa = PBXFileReference; fileEncoding = 4; lastKnownFileType = text; path = classes_short.csv; sourceTree = "<group>"; };
		E74621081B22F25F00BE4808 /* ImportCSVController.swift */ = {isa = PBXFileReference; fileEncoding = 4; lastKnownFileType = sourcecode.swift; path = ImportCSVController.swift; sourceTree = "<group>"; };
		E78CC6E91B292A7400F8881A /* UniObject.swift */ = {isa = PBXFileReference; fileEncoding = 4; lastKnownFileType = sourcecode.swift; path = UniObject.swift; sourceTree = "<group>"; };
		E78CC6ED1B29429C00F8881A /* university.csv */ = {isa = PBXFileReference; fileEncoding = 4; lastKnownFileType = text; path = university.csv; sourceTree = "<group>"; };
		E7E99D931B204F6C0050F8CB /* GPA_Calculator.swift */ = {isa = PBXFileReference; fileEncoding = 4; lastKnownFileType = sourcecode.swift; path = GPA_Calculator.swift; sourceTree = "<group>"; };
/* End PBXFileReference section */

/* Begin PBXFrameworksBuildPhase section */
		040BF9901B1D51B400713061 /* Frameworks */ = {
			isa = PBXFrameworksBuildPhase;
			buildActionMask = 2147483647;
			files = (
				0428AB911B22BDCB000CE23C /* SwiftCSV.framework in Frameworks */,
				3FA275FAC0BD5579089CADB4 /* Pods.framework in Frameworks */,
			);
			runOnlyForDeploymentPostprocessing = 0;
		};
		040BF9A81B1D51B400713061 /* Frameworks */ = {
			isa = PBXFrameworksBuildPhase;
			buildActionMask = 2147483647;
			files = (
			);
			runOnlyForDeploymentPostprocessing = 0;
		};
/* End PBXFrameworksBuildPhase section */

/* Begin PBXGroup section */
		040BF98A1B1D51B400713061 = {
			isa = PBXGroup;
			children = (
				040BF9951B1D51B400713061 /* DAT */,
				040BF9AE1B1D51B400713061 /* DATTests */,
				040BF9941B1D51B400713061 /* Products */,
				4322C2FFD67F47115B748C80 /* Pods */,
				4ACADD82D6229CDDEE315B6B /* Frameworks */,
				0428AB941B22BF47000CE23C /* DAT-Bridging-Header.h */,
			);
			sourceTree = "<group>";
		};
		040BF9941B1D51B400713061 /* Products */ = {
			isa = PBXGroup;
			children = (
				040BF9931B1D51B400713061 /* DAT.app */,
				040BF9AB1B1D51B400713061 /* DATTests.xctest */,
			);
			name = Products;
			sourceTree = "<group>";
		};
		040BF9951B1D51B400713061 /* DAT */ = {
			isa = PBXGroup;
			children = (
				040BF9981B1D51B400713061 /* AppDelegate.swift */,
				E7E99D931B204F6C0050F8CB /* GPA_Calculator.swift */,
				E74621081B22F25F00BE4808 /* ImportCSVController.swift */,
				E74621061B22F15C00BE4808 /* classes_short.csv */,
				E78CC6ED1B29429C00F8881A /* university.csv */,
				E74621001B22E74E00BE4808 /* classes.csv */,
				040BF9F61B1FEDA300713061 /* IGETCAreasView.swift */,
				0A7C1CE81B2BE64600E85B00 /* ClassListViewTableViewController.swift */,
				040BF99F1B1D51B400713061 /* Main.storyboard */,
				040BF9F81B1FF08300713061 /* AreaCustomCell.swift */,
				043FA9AE1B29276600EA03EC /* Uni_cell.swift */,
				043FA9AC1B29247900EA03EC /* Uni_List.swift */,
				0428AB991B22CBCE000CE23C /* universityProfileView.swift */,
				043FA9761B28A55F00EA03EC /* ChancesViewTableViewController.swift */,
				0A7C1CEC1B2BEA1300E85B00 /* ClassListTableViewCell.swift */,
				043FA9781B28B1CD00EA03EC /* ChancesViewController.swift */,
				045399EA1B266E6000F92B0B /* blackback.png */,
				040BF9A21B1D51B400713061 /* Images.xcassets */,
				040BF9A41B1D51B400713061 /* LaunchScreen.xib */,
				E73050FB1B1D640700EB7E37 /* grade_struct.swift */,
				E73050FD1B1D64B200EB7E37 /* dept_struct.swift */,
				040BF99A1B1D51B400713061 /* DAT.xcdatamodeld */,
				043FA9B21B29450900EA03EC /* classObject.swift */,
				E78CC6E91B292A7400F8881A /* UniObject.swift */,
				040BF9961B1D51B400713061 /* Supporting Files */,
			);
			path = DAT;
			sourceTree = "<group>";
		};
		040BF9961B1D51B400713061 /* Supporting Files */ = {
			isa = PBXGroup;
			children = (
				040BF9971B1D51B400713061 /* Info.plist */,
			);
			name = "Supporting Files";
			sourceTree = "<group>";
		};
		040BF9AE1B1D51B400713061 /* DATTests */ = {
			isa = PBXGroup;
			children = (
				040BF9B11B1D51B400713061 /* DATTests.swift */,
				040BF9AF1B1D51B400713061 /* Supporting Files */,
			);
			path = DATTests;
			sourceTree = "<group>";
		};
		040BF9AF1B1D51B400713061 /* Supporting Files */ = {
			isa = PBXGroup;
			children = (
				040BF9B01B1D51B400713061 /* Info.plist */,
			);
			name = "Supporting Files";
			sourceTree = "<group>";
		};
		4322C2FFD67F47115B748C80 /* Pods */ = {
			isa = PBXGroup;
			children = (
				53A81178002695DB894A3014 /* Pods.debug.xcconfig */,
				B4728E1641DBBFAD941781FF /* Pods.release.xcconfig */,
			);
			name = Pods;
			sourceTree = "<group>";
		};
		4ACADD82D6229CDDEE315B6B /* Frameworks */ = {
			isa = PBXGroup;
			children = (
				E74621021B22E91100BE4808 /* CSV.swift */,
				0428AB901B22BDCB000CE23C /* SwiftCSV.framework */,
				5D333B7E9FC28408053A8CCC /* Pods.framework */,
			);
			name = Frameworks;
			sourceTree = "<group>";
		};
/* End PBXGroup section */

/* Begin PBXNativeTarget section */
		040BF9921B1D51B400713061 /* DAT */ = {
			isa = PBXNativeTarget;
			buildConfigurationList = 040BF9B51B1D51B400713061 /* Build configuration list for PBXNativeTarget "DAT" */;
			buildPhases = (
				AA2FC96FA473B9A1910E4E3E /* Check Pods Manifest.lock */,
				040BF98F1B1D51B400713061 /* Sources */,
				040BF9901B1D51B400713061 /* Frameworks */,
				040BF9911B1D51B400713061 /* Resources */,
				14BB90ADEFCC35A92D633562 /* Embed Pods Frameworks */,
				4181DD89DD1DD88E7DAFA5A0 /* Copy Pods Resources */,
			);
			buildRules = (
			);
			dependencies = (
			);
			name = DAT;
			productName = DAT;
			productReference = 040BF9931B1D51B400713061 /* DAT.app */;
			productType = "com.apple.product-type.application";
		};
		040BF9AA1B1D51B400713061 /* DATTests */ = {
			isa = PBXNativeTarget;
			buildConfigurationList = 040BF9B81B1D51B400713061 /* Build configuration list for PBXNativeTarget "DATTests" */;
			buildPhases = (
				040BF9A71B1D51B400713061 /* Sources */,
				040BF9A81B1D51B400713061 /* Frameworks */,
				040BF9A91B1D51B400713061 /* Resources */,
			);
			buildRules = (
			);
			dependencies = (
				040BF9AD1B1D51B400713061 /* PBXTargetDependency */,
			);
			name = DATTests;
			productName = DATTests;
			productReference = 040BF9AB1B1D51B400713061 /* DATTests.xctest */;
			productType = "com.apple.product-type.bundle.unit-test";
		};
/* End PBXNativeTarget section */

/* Begin PBXProject section */
		040BF98B1B1D51B400713061 /* Project object */ = {
			isa = PBXProject;
			attributes = {
				LastUpgradeCheck = 0610;
				ORGANIZATIONNAME = Eyad_Neesha_Adeeb_Ehab;
				TargetAttributes = {
					040BF9921B1D51B400713061 = {
						CreatedOnToolsVersion = 6.1.1;
					};
					040BF9AA1B1D51B400713061 = {
						CreatedOnToolsVersion = 6.1.1;
						TestTargetID = 040BF9921B1D51B400713061;
					};
				};
			};
			buildConfigurationList = 040BF98E1B1D51B400713061 /* Build configuration list for PBXProject "DAT" */;
			compatibilityVersion = "Xcode 3.2";
			developmentRegion = English;
			hasScannedForEncodings = 0;
			knownRegions = (
				en,
				Base,
			);
			mainGroup = 040BF98A1B1D51B400713061;
			productRefGroup = 040BF9941B1D51B400713061 /* Products */;
			projectDirPath = "";
			projectRoot = "";
			targets = (
				040BF9921B1D51B400713061 /* DAT */,
				040BF9AA1B1D51B400713061 /* DATTests */,
			);
		};
/* End PBXProject section */

/* Begin PBXResourcesBuildPhase section */
		040BF9911B1D51B400713061 /* Resources */ = {
			isa = PBXResourcesBuildPhase;
			buildActionMask = 2147483647;
			files = (
				045399EB1B266E6000F92B0B /* blackback.png in Resources */,
				040BF9A11B1D51B400713061 /* Main.storyboard in Resources */,
				E78CC6EE1B29429C00F8881A /* university.csv in Resources */,
				040BF9A61B1D51B400713061 /* LaunchScreen.xib in Resources */,
				E74621071B22F15C00BE4808 /* classes_short.csv in Resources */,
				E74621011B22E74E00BE4808 /* classes.csv in Resources */,
				040BF9A31B1D51B400713061 /* Images.xcassets in Resources */,
			);
			runOnlyForDeploymentPostprocessing = 0;
		};
		040BF9A91B1D51B400713061 /* Resources */ = {
			isa = PBXResourcesBuildPhase;
			buildActionMask = 2147483647;
			files = (
			);
			runOnlyForDeploymentPostprocessing = 0;
		};
/* End PBXResourcesBuildPhase section */

/* Begin PBXShellScriptBuildPhase section */
		14BB90ADEFCC35A92D633562 /* Embed Pods Frameworks */ = {
			isa = PBXShellScriptBuildPhase;
			buildActionMask = 2147483647;
			files = (
			);
			inputPaths = (
			);
			name = "Embed Pods Frameworks";
			outputPaths = (
			);
			runOnlyForDeploymentPostprocessing = 0;
			shellPath = /bin/sh;
			shellScript = "\"${SRCROOT}/Pods/Target Support Files/Pods/Pods-frameworks.sh\"\n";
			showEnvVarsInLog = 0;
		};
		4181DD89DD1DD88E7DAFA5A0 /* Copy Pods Resources */ = {
			isa = PBXShellScriptBuildPhase;
			buildActionMask = 2147483647;
			files = (
			);
			inputPaths = (
			);
			name = "Copy Pods Resources";
			outputPaths = (
			);
			runOnlyForDeploymentPostprocessing = 0;
			shellPath = /bin/sh;
			shellScript = "\"${SRCROOT}/Pods/Target Support Files/Pods/Pods-resources.sh\"\n";
			showEnvVarsInLog = 0;
		};
		AA2FC96FA473B9A1910E4E3E /* Check Pods Manifest.lock */ = {
			isa = PBXShellScriptBuildPhase;
			buildActionMask = 2147483647;
			files = (
			);
			inputPaths = (
			);
			name = "Check Pods Manifest.lock";
			outputPaths = (
			);
			runOnlyForDeploymentPostprocessing = 0;
			shellPath = /bin/sh;
			shellScript = "diff \"${PODS_ROOT}/../Podfile.lock\" \"${PODS_ROOT}/Manifest.lock\" > /dev/null\nif [[ $? != 0 ]] ; then\n    cat << EOM\nerror: The sandbox is not in sync with the Podfile.lock. Run 'pod install' or update your CocoaPods installation.\nEOM\n    exit 1\nfi\n";
			showEnvVarsInLog = 0;
		};
/* End PBXShellScriptBuildPhase section */

/* Begin PBXSourcesBuildPhase section */
		040BF98F1B1D51B400713061 /* Sources */ = {
			isa = PBXSourcesBuildPhase;
			buildActionMask = 2147483647;
			files = (
				040BF9F71B1FEDA300713061 /* IGETCAreasView.swift in Sources */,
				E73050FC1B1D640700EB7E37 /* grade_struct.swift in Sources */,
				E7E99D941B204F6C0050F8CB /* GPA_Calculator.swift in Sources */,
				E74621091B22F25F00BE4808 /* ImportCSVController.swift in Sources */,
				0A7C1CE91B2BE64600E85B00 /* ClassListViewTableViewController.swift in Sources */,
				043FA9B01B29276600EA03EC /* Uni_cell.swift in Sources */,
				E73050FE1B1D64B200EB7E37 /* dept_struct.swift in Sources */,
				043FA9771B28A55F00EA03EC /* ChancesViewTableViewController.swift in Sources */,
				E78CC6EA1B292A7400F8881A /* UniObject.swift in Sources */,
				0428AB9A1B22CBCE000CE23C /* universityProfileView.swift in Sources */,
				0A7C1CED1B2BEA1300E85B00 /* ClassListTableViewCell.swift in Sources */,
				043FA9B31B29450900EA03EC /* classObject.swift in Sources */,
				040BF9991B1D51B400713061 /* AppDelegate.swift in Sources */,
				040BF9FA1B1FF08300713061 /* AreaCustomCell.swift in Sources */,
				040BF99C1B1D51B400713061 /* DAT.xcdatamodeld in Sources */,
				043FA9AD1B29247900EA03EC /* Uni_List.swift in Sources */,
				043FA9791B28B1CD00EA03EC /* ChancesViewController.swift in Sources */,
				E74621031B22E91100BE4808 /* CSV.swift in Sources */,
			);
			runOnlyForDeploymentPostprocessing = 0;
		};
		040BF9A71B1D51B400713061 /* Sources */ = {
			isa = PBXSourcesBuildPhase;
			buildActionMask = 2147483647;
			files = (
				040BF9B21B1D51B400713061 /* DATTests.swift in Sources */,
			);
			runOnlyForDeploymentPostprocessing = 0;
		};
/* End PBXSourcesBuildPhase section */

/* Begin PBXTargetDependency section */
		040BF9AD1B1D51B400713061 /* PBXTargetDependency */ = {
			isa = PBXTargetDependency;
			target = 040BF9921B1D51B400713061 /* DAT */;
			targetProxy = 040BF9AC1B1D51B400713061 /* PBXContainerItemProxy */;
		};
/* End PBXTargetDependency section */

/* Begin PBXVariantGroup section */
		040BF99F1B1D51B400713061 /* Main.storyboard */ = {
			isa = PBXVariantGroup;
			children = (
				040BF9A01B1D51B400713061 /* Base */,
			);
			name = Main.storyboard;
			sourceTree = "<group>";
		};
		040BF9A41B1D51B400713061 /* LaunchScreen.xib */ = {
			isa = PBXVariantGroup;
			children = (
				040BF9A51B1D51B400713061 /* Base */,
			);
			name = LaunchScreen.xib;
			sourceTree = "<group>";
		};
/* End PBXVariantGroup section */

/* Begin XCBuildConfiguration section */
		040BF9B31B1D51B400713061 /* Debug */ = {
			isa = XCBuildConfiguration;
			buildSettings = {
				ALWAYS_SEARCH_USER_PATHS = NO;
				CLANG_CXX_LANGUAGE_STANDARD = "gnu++0x";
				CLANG_CXX_LIBRARY = "libc++";
				CLANG_ENABLE_MODULES = YES;
				CLANG_ENABLE_OBJC_ARC = YES;
				CLANG_WARN_BOOL_CONVERSION = YES;
				CLANG_WARN_CONSTANT_CONVERSION = YES;
				CLANG_WARN_DIRECT_OBJC_ISA_USAGE = YES_ERROR;
				CLANG_WARN_EMPTY_BODY = YES;
				CLANG_WARN_ENUM_CONVERSION = YES;
				CLANG_WARN_INT_CONVERSION = YES;
				CLANG_WARN_OBJC_ROOT_CLASS = YES_ERROR;
				CLANG_WARN_UNREACHABLE_CODE = YES;
				CLANG_WARN__DUPLICATE_METHOD_MATCH = YES;
				"CODE_SIGN_IDENTITY[sdk=iphoneos*]" = "iPhone Developer";
				COPY_PHASE_STRIP = NO;
				ENABLE_STRICT_OBJC_MSGSEND = YES;
				GCC_C_LANGUAGE_STANDARD = gnu99;
				GCC_DYNAMIC_NO_PIC = NO;
				GCC_OPTIMIZATION_LEVEL = 0;
				GCC_PREPROCESSOR_DEFINITIONS = (
					"DEBUG=1",
					"$(inherited)",
				);
				GCC_SYMBOLS_PRIVATE_EXTERN = NO;
				GCC_WARN_64_TO_32_BIT_CONVERSION = YES;
				GCC_WARN_ABOUT_RETURN_TYPE = YES_ERROR;
				GCC_WARN_UNDECLARED_SELECTOR = YES;
				GCC_WARN_UNINITIALIZED_AUTOS = YES_AGGRESSIVE;
				GCC_WARN_UNUSED_FUNCTION = YES;
				GCC_WARN_UNUSED_VARIABLE = YES;
				IPHONEOS_DEPLOYMENT_TARGET = 8.1;
				MTL_ENABLE_DEBUG_INFO = YES;
				ONLY_ACTIVE_ARCH = YES;
				SDKROOT = iphoneos;
				SWIFT_OPTIMIZATION_LEVEL = "-Onone";
			};
			name = Debug;
		};
		040BF9B41B1D51B400713061 /* Release */ = {
			isa = XCBuildConfiguration;
			buildSettings = {
				ALWAYS_SEARCH_USER_PATHS = NO;
				CLANG_CXX_LANGUAGE_STANDARD = "gnu++0x";
				CLANG_CXX_LIBRARY = "libc++";
				CLANG_ENABLE_MODULES = YES;
				CLANG_ENABLE_OBJC_ARC = YES;
				CLANG_WARN_BOOL_CONVERSION = YES;
				CLANG_WARN_CONSTANT_CONVERSION = YES;
				CLANG_WARN_DIRECT_OBJC_ISA_USAGE = YES_ERROR;
				CLANG_WARN_EMPTY_BODY = YES;
				CLANG_WARN_ENUM_CONVERSION = YES;
				CLANG_WARN_INT_CONVERSION = YES;
				CLANG_WARN_OBJC_ROOT_CLASS = YES_ERROR;
				CLANG_WARN_UNREACHABLE_CODE = YES;
				CLANG_WARN__DUPLICATE_METHOD_MATCH = YES;
				"CODE_SIGN_IDENTITY[sdk=iphoneos*]" = "iPhone Developer";
				COPY_PHASE_STRIP = YES;
				ENABLE_NS_ASSERTIONS = NO;
				ENABLE_STRICT_OBJC_MSGSEND = YES;
				GCC_C_LANGUAGE_STANDARD = gnu99;
				GCC_WARN_64_TO_32_BIT_CONVERSION = YES;
				GCC_WARN_ABOUT_RETURN_TYPE = YES_ERROR;
				GCC_WARN_UNDECLARED_SELECTOR = YES;
				GCC_WARN_UNINITIALIZED_AUTOS = YES_AGGRESSIVE;
				GCC_WARN_UNUSED_FUNCTION = YES;
				GCC_WARN_UNUSED_VARIABLE = YES;
				IPHONEOS_DEPLOYMENT_TARGET = 8.1;
				MTL_ENABLE_DEBUG_INFO = NO;
				SDKROOT = iphoneos;
				VALIDATE_PRODUCT = YES;
			};
			name = Release;
		};
		040BF9B61B1D51B400713061 /* Debug */ = {
			isa = XCBuildConfiguration;
			baseConfigurationReference = 53A81178002695DB894A3014 /* Pods.debug.xcconfig */;
			buildSettings = {
				ALWAYS_SEARCH_USER_PATHS = NO;
				ASSETCATALOG_COMPILER_APPICON_NAME = AppIcon;
				CLANG_ENABLE_MODULES = YES;
				FRAMEWORK_SEARCH_PATHS = (
					"$(inherited)",
					"$(PROJECT_DIR)/build/Debug-iphoneos/Pods",
				);
				INFOPLIST_FILE = DAT/Info.plist;
				LD_RUNPATH_SEARCH_PATHS = "$(inherited) @executable_path/Frameworks";
				PRODUCT_NAME = "$(TARGET_NAME)";
				SWIFT_INSTALL_OBJC_HEADER = YES;
				"SWIFT_INSTALL_OBJC_HEADER[arch=*]" = YES;
				SWIFT_OBJC_BRIDGING_HEADER = "DAT-Bridging-Header.h";
				SWIFT_OPTIMIZATION_LEVEL = "-Onone";
				USER_HEADER_SEARCH_PATHS = "Pods/**";
			};
			name = Debug;
		};
		040BF9B71B1D51B400713061 /* Release */ = {
			isa = XCBuildConfiguration;
			baseConfigurationReference = B4728E1641DBBFAD941781FF /* Pods.release.xcconfig */;
			buildSettings = {
				ALWAYS_SEARCH_USER_PATHS = NO;
				ASSETCATALOG_COMPILER_APPICON_NAME = AppIcon;
				CLANG_ENABLE_MODULES = YES;
				FRAMEWORK_SEARCH_PATHS = (
					"$(inherited)",
					"$(PROJECT_DIR)/build/Debug-iphoneos/Pods",
				);
				INFOPLIST_FILE = DAT/Info.plist;
				LD_RUNPATH_SEARCH_PATHS = "$(inherited) @executable_path/Frameworks";
				PRODUCT_NAME = "$(TARGET_NAME)";
				SWIFT_INSTALL_OBJC_HEADER = YES;
				"SWIFT_INSTALL_OBJC_HEADER[arch=*]" = YES;
				SWIFT_OBJC_BRIDGING_HEADER = "DAT-Bridging-Header.h";
				USER_HEADER_SEARCH_PATHS = "Pods/**";
			};
			name = Release;
		};
		040BF9B91B1D51B400713061 /* Debug */ = {
			isa = XCBuildConfiguration;
			buildSettings = {
				BUNDLE_LOADER = "$(TEST_HOST)";
				FRAMEWORK_SEARCH_PATHS = (
					"$(SDKROOT)/Developer/Library/Frameworks",
					"$(inherited)",
				);
				GCC_PREPROCESSOR_DEFINITIONS = (
					"DEBUG=1",
					"$(inherited)",
				);
				INFOPLIST_FILE = DATTests/Info.plist;
				LD_RUNPATH_SEARCH_PATHS = "$(inherited) @executable_path/Frameworks @loader_path/Frameworks";
				PRODUCT_NAME = "$(TARGET_NAME)";
				TEST_HOST = "$(BUILT_PRODUCTS_DIR)/DAT.app/DAT";
			};
			name = Debug;
		};
		040BF9BA1B1D51B400713061 /* Release */ = {
			isa = XCBuildConfiguration;
			buildSettings = {
				BUNDLE_LOADER = "$(TEST_HOST)";
				FRAMEWORK_SEARCH_PATHS = (
					"$(SDKROOT)/Developer/Library/Frameworks",
					"$(inherited)",
				);
				INFOPLIST_FILE = DATTests/Info.plist;
				LD_RUNPATH_SEARCH_PATHS = "$(inherited) @executable_path/Frameworks @loader_path/Frameworks";
				PRODUCT_NAME = "$(TARGET_NAME)";
				TEST_HOST = "$(BUILT_PRODUCTS_DIR)/DAT.app/DAT";
			};
			name = Release;
		};
/* End XCBuildConfiguration section */

/* Begin XCConfigurationList section */
		040BF98E1B1D51B400713061 /* Build configuration list for PBXProject "DAT" */ = {
			isa = XCConfigurationList;
			buildConfigurations = (
				040BF9B31B1D51B400713061 /* Debug */,
				040BF9B41B1D51B400713061 /* Release */,
			);
			defaultConfigurationIsVisible = 0;
			defaultConfigurationName = Release;
		};
		040BF9B51B1D51B400713061 /* Build configuration list for PBXNativeTarget "DAT" */ = {
			isa = XCConfigurationList;
			buildConfigurations = (
				040BF9B61B1D51B400713061 /* Debug */,
				040BF9B71B1D51B400713061 /* Release */,
			);
			defaultConfigurationIsVisible = 0;
			defaultConfigurationName = Release;
		};
		040BF9B81B1D51B400713061 /* Build configuration list for PBXNativeTarget "DATTests" */ = {
			isa = XCConfigurationList;
			buildConfigurations = (
				040BF9B91B1D51B400713061 /* Debug */,
				040BF9BA1B1D51B400713061 /* Release */,
			);
			defaultConfigurationIsVisible = 0;
			defaultConfigurationName = Release;
		};
/* End XCConfigurationList section */

/* Begin XCVersionGroup section */
		040BF99A1B1D51B400713061 /* DAT.xcdatamodeld */ = {
			isa = XCVersionGroup;
			children = (
				040BF99B1B1D51B400713061 /* DAT.xcdatamodel */,
			);
			currentVersion = 040BF99B1B1D51B400713061 /* DAT.xcdatamodel */;
			path = DAT.xcdatamodeld;
			sourceTree = "<group>";
			versionGroupType = wrapper.xcdatamodel;
		};
/* End XCVersionGroup section */
	};
	rootObject = 040BF98B1B1D51B400713061 /* Project object */;
}
